{
  "lockfileVersion": 1,
  "workspaces": {
    "": {
      "name": "fhir-canonical-manager-workspace",
      "dependencies": {
        "@atomic-ehr/fhir-canonical-manager": "^0.0.4",
        "hl7.fhir.r4.core": "^4.0.1",
      },
    },
  },
  "packages": {
    "@atomic-ehr/fhir-canonical-manager": ["@atomic-ehr/fhir-canonical-manager@0.0.4", "", { "peerDependencies": { "typescript": "^5" }, "bin": { "fcm": "dist/cli/index.js" } }, "sha512-Kvx0z9VFc8ynJw8O2uzYeGflrMyr9d/d+2BswfEeGWMX/zrvhzIXnHV8HYEdiVVWhBaogs6wFg5jTlCIHoYpwQ=="],

    "hl7.fhir.r4.core": ["hl7.fhir.r4.core@4.0.1", "http://fs.get-ig.org/-/hl7.fhir.r4.core-4.0.1.tgz", {}, ""],

    "typescript": ["typescript@5.9.2", "", { "bin": { "tsc": "bin/tsc", "tsserver": "bin/tsserver" } }, "sha512-CWBzXQrc/qOkhidw1OzBTQuYRbfyxDXJMVJ1XNwUHGROVmuaeiEm3OslpZ1RV96d7SKKjZKrSJu3+t/xlw3R9A=="],
  }
}
